{
  "name": "fractional-indexing",
  "version": "unspecified",
  "lockfileVersion": 3,
  "requires": true,
  "packages": {
    "": {
      "name": "fractional-indexing",
      "version": "unspecified",
      "workspaces": [
        "packages/fractional-indexing-library",
        "packages/fractional-indexing-library-test"
      ],
      "devDependencies": {}
    },
    "node_modules/fractional-indexing-library": {
      "resolved": "packages/fractional-indexing-library",
      "link": true
    },
    "node_modules/fractional-indexing-library-test": {
      "resolved": "packages/fractional-indexing-library-test",
      "link": true
    },
    "packages/fractional-indexing-library": {
      "version": "1.0.1",
      "devDependencies": {}
    },
    "packages/fractional-indexing-library-test": {
      "version": "1.0.1",
      "devDependencies": {}
    }
  }
}
